
Microsoft Visual Studio Solution File, Format Version 12.00
# Visual Studio Version 17
VisualStudioVersion = 17.1.32414.318
MinimumVisualStudioVersion = 10.0.40219.1
Project("{FAE04EC0-301F-11D3-BF4B-00C04F79EFBC}") = "Newman", "Newman\Newman.csproj", "{AA9BDE57-6D9B-4618-9C81-890E7E4D75C8}"
EndProject
Global
	GlobalSection(SolutionConfigurationPlatforms) = preSolution
		Debug|Any CPU = Debug|Any CPU
		Release|Any CPU = Release|Any CPU
	EndGlobalSection
	GlobalSection(ProjectConfigurationPlatforms) = postSolution
		{AA9BDE57-6D9B-4618-9C81-890E7E4D75C8}.Debug|Any CPU.ActiveCfg = Debug|Any CPU
		{AA9BDE57-6D9B-4618-9C81-890E7E4D75C8}.Debug|Any CPU.Build.0 = Debug|Any CPU
		{AA9BDE57-6D9B-4618-9C81-890E7E4D75C8}.Release|Any CPU.ActiveCfg = Release|Any CPU
		{AA9BDE57-6D9B-4618-9C81-890E7E4D75C8}.Release|Any CPU.Build.0 = Release|Any CPU
	EndGlobalSection
	GlobalSection(SolutionProperties) = preSolution
		HideSolutionNode = FALSE
	EndGlobalSection
	GlobalSection(ExtensibilityGlobals) = postSolution
		SolutionGuid = {DF7C5B74-86AE-42DA-8CC3-2463F0AE5167}
	EndGlobalSection
EndGlobal
